
Microsoft Visual Studio Solution File, Format Version 12.00
# Visual Studio Version 17
VisualStudioVersion = 17.11.35312.102
MinimumVisualStudioVersion = 10.0.40219.1
Project("{FAE04EC0-301F-11D3-BF4B-00C04F79EFBC}") = "LetterFormater", "LetterFormater\LetterFormater.csproj", "{816E783D-7646-4313-A8E6-2A22455C9FB4}"
EndProject
Project("{FAE04EC0-301F-11D3-BF4B-00C04F79EFBC}") = "LetterFormatedTests", "LetterFormatedTests\LetterFormatedTests.csproj", "{9E101B5A-2298-400D-85CF-B97CA93D539C}"
EndProject
Project("{FAE04EC0-301F-11D3-BF4B-00C04F79EFBC}") = "LetterFormaterApp", "LetterFormaterApp\LetterFormaterApp.csproj", "{A0249872-CF35-4E62-BDA0-465DA9BC2E85}"
EndProject
Global
	GlobalSection(SolutionConfigurationPlatforms) = preSolution
		Debug|Any CPU = Debug|Any CPU
		Release|Any CPU = Release|Any CPU
	EndGlobalSection
	GlobalSection(ProjectConfigurationPlatforms) = postSolution
		{816E783D-7646-4313-A8E6-2A22455C9FB4}.Debug|Any CPU.ActiveCfg = Debug|Any CPU
		{816E783D-7646-4313-A8E6-2A22455C9FB4}.Debug|Any CPU.Build.0 = Debug|Any CPU
		{816E783D-7646-4313-A8E6-2A22455C9FB4}.Release|Any CPU.ActiveCfg = Release|Any CPU
		{816E783D-7646-4313-A8E6-2A22455C9FB4}.Release|Any CPU.Build.0 = Release|Any CPU
		{9E101B5A-2298-400D-85CF-B97CA93D539C}.Debug|Any CPU.ActiveCfg = Debug|Any CPU
		{9E101B5A-2298-400D-85CF-B97CA93D539C}.Debug|Any CPU.Build.0 = Debug|Any CPU
		{9E101B5A-2298-400D-85CF-B97CA93D539C}.Release|Any CPU.ActiveCfg = Release|Any CPU
		{9E101B5A-2298-400D-85CF-B97CA93D539C}.Release|Any CPU.Build.0 = Release|Any CPU
		{A0249872-CF35-4E62-BDA0-465DA9BC2E85}.Debug|Any CPU.ActiveCfg = Debug|Any CPU
		{A0249872-CF35-4E62-BDA0-465DA9BC2E85}.Debug|Any CPU.Build.0 = Debug|Any CPU
		{A0249872-CF35-4E62-BDA0-465DA9BC2E85}.Release|Any CPU.ActiveCfg = Release|Any CPU
		{A0249872-CF35-4E62-BDA0-465DA9BC2E85}.Release|Any CPU.Build.0 = Release|Any CPU
	EndGlobalSection
	GlobalSection(SolutionProperties) = preSolution
		HideSolutionNode = FALSE
	EndGlobalSection
	GlobalSection(ExtensibilityGlobals) = postSolution
		SolutionGuid = {2D75BA1B-4A84-464F-8A50-2E224AACA02B}
	EndGlobalSection
EndGlobal
